// !$*UTF8*$!
{
	archiveVersion = 1;
	classes = {
	};
	objectVersion = 77;
	objects = {

/* Begin PBXAggregateTarget section */
		D4A174052FEF174000000005 /* Stabilize HoldType TCC Identity */ = {
			isa = PBXAggregateTarget;
			buildConfigurationList = D4A174082FEF174000000008 /* Build configuration list for PBXAggregateTarget "Stabilize HoldType TCC Identity" */;
			buildPhases = (
				D4A174042FEF174000000004 /* Stabilize Ad-Hoc TCC Identity */,
			);
			dependencies = (
				D4A174032FEF174000000003 /* PBXTargetDependency */,
			);
			name = "Stabilize HoldType TCC Identity";
			productName = "Stabilize HoldType TCC Identity";
		};
/* End PBXAggregateTarget section */

/* Begin PBXBuildFile section */
		D4A1740A2FEF17400000000A /* Sparkle in Frameworks */ = {isa = PBXBuildFile; productRef = D4A1740D2FEF17400000000D /* Sparkle */; };
		D4A175092FF0000000000009 /* HoldTypeKeyboard.appex in Embed App Extensions */ = {isa = PBXBuildFile; fileRef = D4A175012FF0000000000001 /* HoldTypeKeyboard.appex */; settings = {ATTRIBUTES = (CodeSignOnCopy, RemoveHeadersOnCopy, ); }; };
		D4A176042FF1000000000004 /* HoldTypeDomain in Frameworks */ = {isa = PBXBuildFile; productRef = D4A176012FF1000000000001 /* HoldTypeDomain */; };
		D4A176052FF1000000000005 /* HoldTypeDomain in Frameworks */ = {isa = PBXBuildFile; productRef = D4A176022FF1000000000002 /* HoldTypeDomain */; };
		D4A176062FF1000000000006 /* HoldTypeDomain in Frameworks */ = {isa = PBXBuildFile; productRef = D4A176032FF1000000000003 /* HoldTypeDomain */; };
		D4A176072FF1000000000007 /* HoldTypeDomain in Frameworks */ = {isa = PBXBuildFile; productRef = D4A176082FF1000000000008 /* HoldTypeDomain */; };
		D4A178042FF3000000000004 /* HoldTypePersistence in Frameworks */ = {isa = PBXBuildFile; productRef = D4A178022FF3000000000002 /* HoldTypePersistence */; };
		D4A178052FF3000000000005 /* HoldTypePersistence in Frameworks */ = {isa = PBXBuildFile; productRef = D4A178032FF3000000000003 /* HoldTypePersistence */; };
		D4A179062FF4000000000006 /* HoldTypeOpenAI in Frameworks */ = {isa = PBXBuildFile; productRef = D4A179022FF4000000000002 /* HoldTypeOpenAI */; };
		D4A179072FF4000000000007 /* HoldTypeOpenAI in Frameworks */ = {isa = PBXBuildFile; productRef = D4A179032FF4000000000003 /* HoldTypeOpenAI */; };
		D4A179082FF4000000000008 /* HoldTypeOpenAI in Frameworks */ = {isa = PBXBuildFile; productRef = D4A179042FF4000000000004 /* HoldTypeOpenAI */; };
		D4A179092FF4000000000009 /* HoldTypeOpenAI in Frameworks */ = {isa = PBXBuildFile; productRef = D4A179052FF4000000000005 /* HoldTypeOpenAI */; };
		D4A180042FF5000000000004 /* HoldTypeIOSCore in Frameworks */ = {isa = PBXBuildFile; productRef = D4A180022FF5000000000002 /* HoldTypeIOSCore */; };
		D4A180052FF5000000000005 /* HoldTypeIOSCore in Frameworks */ = {isa = PBXBuildFile; productRef = D4A180032FF5000000000003 /* HoldTypeIOSCore */; };
/* End PBXBuildFile section */

/* Begin PBXContainerItemProxy section */
		9DB749772FE6D7320053C3F3 /* PBXContainerItemProxy */ = {
			isa = PBXContainerItemProxy;
			containerPortal = 9DB749612FE6D7300053C3F3 /* Project object */;
			proxyType = 1;
			remoteGlobalIDString = 9DB749682FE6D7300053C3F3;
			remoteInfo = HoldType;
		};
		9DB749812FE6D7320053C3F3 /* PBXContainerItemProxy */ = {
			isa = PBXContainerItemProxy;
			containerPortal = 9DB749612FE6D7300053C3F3 /* Project object */;
			proxyType = 1;
			remoteGlobalIDString = 9DB749682FE6D7300053C3F3;
			remoteInfo = HoldType;
		};
		D4A174022FEF174000000002 /* PBXContainerItemProxy */ = {
			isa = PBXContainerItemProxy;
			containerPortal = 9DB749612FE6D7300053C3F3 /* Project object */;
			proxyType = 1;
			remoteGlobalIDString = 9DB749682FE6D7300053C3F3;
			remoteInfo = HoldType;
		};
		D4A1750B2FF000000000000B /* PBXContainerItemProxy */ = {
			isa = PBXContainerItemProxy;
			containerPortal = 9DB749612FE6D7300053C3F3 /* Project object */;
			proxyType = 1;
			remoteGlobalIDString = D4A1750A2FF000000000000A;
			remoteInfo = HoldTypeKeyboard;
		};
		D4A181012FF6000000000001 /* PBXContainerItemProxy */ = {
			isa = PBXContainerItemProxy;
			containerPortal = 9DB749612FE6D7300053C3F3 /* Project object */;
			proxyType = 1;
			remoteGlobalIDString = 9DB749A62FE7A0000053C3F3;
			remoteInfo = "HoldType-iOS";
		};
/* End PBXContainerItemProxy section */

/* Begin PBXCopyFilesBuildPhase section */
		D4A175082FF0000000000008 /* Embed App Extensions */ = {
			isa = PBXCopyFilesBuildPhase;
			buildActionMask = 2147483647;
			dstPath = "";
			dstSubfolderSpec = 13;
			files = (
				D4A175092FF0000000000009 /* HoldTypeKeyboard.appex in Embed App Extensions */,
			);
			name = "Embed App Extensions";
			runOnlyForDeploymentPostprocessing = 0;
		};
/* End PBXCopyFilesBuildPhase section */

/* Begin PBXFileReference section */
		9DB749692FE6D7300053C3F3 /* HoldType.app */ = {isa = PBXFileReference; explicitFileType = wrapper.application; includeInIndex = 0; path = HoldType.app; sourceTree = BUILT_PRODUCTS_DIR; };
		9DB749762FE6D7320053C3F3 /* HoldTypeTests.xctest */ = {isa = PBXFileReference; explicitFileType = wrapper.cfbundle; includeInIndex = 0; path = HoldTypeTests.xctest; sourceTree = BUILT_PRODUCTS_DIR; };
		9DB749802FE6D7320053C3F3 /* HoldTypeUITests.xctest */ = {isa = PBXFileReference; explicitFileType = wrapper.cfbundle; includeInIndex = 0; path = HoldTypeUITests.xctest; sourceTree = BUILT_PRODUCTS_DIR; };
		9DB749A12FE7A0000053C3F3 /* HoldType-iOS.app */ = {isa = PBXFileReference; explicitFileType = wrapper.application; includeInIndex = 0; path = "HoldType-iOS.app"; sourceTree = BUILT_PRODUCTS_DIR; };
		9DB749B02FE800000053C3F3 /* HoldTypeIOSTests.xctest */ = {isa = PBXFileReference; explicitFileType = wrapper.cfbundle; includeInIndex = 0; path = HoldTypeIOSTests.xctest; sourceTree = BUILT_PRODUCTS_DIR; };
		D4A174012FEF174000000001 /* Config/HoldTypeSigning.xcconfig */ = {isa = PBXFileReference; lastKnownFileType = text.xcconfig; path = Config/HoldTypeSigning.xcconfig; sourceTree = "<group>"; };
		D4A175012FF0000000000001 /* HoldTypeKeyboard.appex */ = {isa = PBXFileReference; explicitFileType = "wrapper.app-extension"; includeInIndex = 0; path = HoldTypeKeyboard.appex; sourceTree = BUILT_PRODUCTS_DIR; };
/* End PBXFileReference section */

/* Begin PBXFileSystemSynchronizedBuildFileExceptionSet section */
		D4A174092FEF174000000009 /* Exceptions for "HoldType" folder in "HoldType" target */ = {
			isa = PBXFileSystemSynchronizedBuildFileExceptionSet;
			membershipExceptions = (
				Info.plist,
			);
			target = 9DB749682FE6D7300053C3F3 /* HoldType */;
		};
		D4A175022FF0000000000002 /* Exceptions for "HoldTypeKeyboard" folder in "HoldTypeKeyboard" target */ = {
			isa = PBXFileSystemSynchronizedBuildFileExceptionSet;
			membershipExceptions = (
				HoldTypeKeyboard.entitlements,
				Info.plist,
			);
			target = D4A1750A2FF000000000000A /* HoldTypeKeyboard */;
		};
		D4A175102FF0000000000010 /* Exceptions for "HoldTypeIOS" folder in "HoldType-iOS" target */ = {
			isa = PBXFileSystemSynchronizedBuildFileExceptionSet;
			membershipExceptions = (
				HoldTypeIOS.entitlements,
				Info.plist,
			);
			target = 9DB749A62FE7A0000053C3F3 /* HoldType-iOS */;
		};
/* End PBXFileSystemSynchronizedBuildFileExceptionSet section */

/* Begin PBXFileSystemSynchronizedRootGroup section */
		9DB7496B2FE6D7300053C3F3 /* HoldType */ = {
			isa = PBXFileSystemSynchronizedRootGroup;
			exceptions = (
				D4A174092FEF174000000009 /* Exceptions for "HoldType" folder in "HoldType" target */,
			);
			path = HoldType;
			sourceTree = "<group>";
		};
		9DB749792FE6D7320053C3F3 /* HoldTypeTests */ = {
			isa = PBXFileSystemSynchronizedRootGroup;
			path = HoldTypeTests;
			sourceTree = "<group>";
		};
		9DB749832FE6D7320053C3F3 /* HoldTypeUITests */ = {
			isa = PBXFileSystemSynchronizedRootGroup;
			path = HoldTypeUITests;
			sourceTree = "<group>";
		};
		9DB749A22FE7A0000053C3F3 /* HoldTypeIOS */ = {
			isa = PBXFileSystemSynchronizedRootGroup;
			exceptions = (
				D4A175102FF0000000000010 /* Exceptions for "HoldTypeIOS" folder in "HoldType-iOS" target */,
			);
			path = HoldTypeIOS;
			sourceTree = "<group>";
		};
		9DB749AA2FE7B0000053C3F3 /* Shared */ = {
			isa = PBXFileSystemSynchronizedRootGroup;
			path = Shared;
			sourceTree = "<group>";
		};
		9DB749B12FE800000053C3F3 /* HoldTypeIOSTests */ = {
			isa = PBXFileSystemSynchronizedRootGroup;
			path = HoldTypeIOSTests;
			sourceTree = "<group>";
		};
		D4A177012FF2000000000001 /* HoldTypeDomainTests */ = {
			isa = PBXFileSystemSynchronizedRootGroup;
			path = Packages/HoldTypeDomain/Tests/HoldTypeDomainTests;
			sourceTree = "<group>";
		};
		D4A178012FF3000000000001 /* HoldTypePersistenceTests */ = {
			isa = PBXFileSystemSynchronizedRootGroup;
			path = Packages/HoldTypePersistence/Tests/HoldTypePersistenceTests;
			sourceTree = "<group>";
		};
		D4A179012FF4000000000001 /* HoldTypeOpenAITests */ = {
			isa = PBXFileSystemSynchronizedRootGroup;
			path = Packages/HoldTypeOpenAI/Tests/HoldTypeOpenAITests;
			sourceTree = "<group>";
		};
		D4A180012FF5000000000001 /* HoldTypeIOSCoreTests */ = {
			isa = PBXFileSystemSynchronizedRootGroup;
			path = Packages/HoldTypeIOSCore/Tests/HoldTypeIOSCoreTests;
			sourceTree = "<group>";
		};
		D4A175032FF0000000000003 /* HoldTypeKeyboard */ = {
			isa = PBXFileSystemSynchronizedRootGroup;
			exceptions = (
				D4A175022FF0000000000002 /* Exceptions for "HoldTypeKeyboard" folder in "HoldTypeKeyboard" target */,
			);
			path = HoldTypeKeyboard;
			sourceTree = "<group>";
		};
		D4A175042FF0000000000004 /* KeyboardShared */ = {
			isa = PBXFileSystemSynchronizedRootGroup;
			path = KeyboardShared;
			sourceTree = "<group>";
		};
/* End PBXFileSystemSynchronizedRootGroup section */

/* Begin PBXFrameworksBuildPhase section */
		9DB749662FE6D7300053C3F3 /* Frameworks */ = {
			isa = PBXFrameworksBuildPhase;
			buildActionMask = 2147483647;
			files = (
				D4A176042FF1000000000004 /* HoldTypeDomain in Frameworks */,
				D4A179062FF4000000000006 /* HoldTypeOpenAI in Frameworks */,
				D4A1740A2FEF17400000000A /* Sparkle in Frameworks */,
			);
			runOnlyForDeploymentPostprocessing = 0;
		};
		9DB749732FE6D7320053C3F3 /* Frameworks */ = {
			isa = PBXFrameworksBuildPhase;
			buildActionMask = 2147483647;
			files = (
				D4A176072FF1000000000007 /* HoldTypeDomain in Frameworks */,
				D4A179092FF4000000000009 /* HoldTypeOpenAI in Frameworks */,
			);
			runOnlyForDeploymentPostprocessing = 0;
		};
		9DB7497D2FE6D7320053C3F3 /* Frameworks */ = {
			isa = PBXFrameworksBuildPhase;
			buildActionMask = 2147483647;
			files = (
			);
			runOnlyForDeploymentPostprocessing = 0;
		};
		9DB749A32FE7A0000053C3F3 /* Frameworks */ = {
			isa = PBXFrameworksBuildPhase;
			buildActionMask = 2147483647;
			files = (
				D4A176052FF1000000000005 /* HoldTypeDomain in Frameworks */,
				D4A179072FF4000000000007 /* HoldTypeOpenAI in Frameworks */,
				D4A178042FF3000000000004 /* HoldTypePersistence in Frameworks */,
				D4A180042FF5000000000004 /* HoldTypeIOSCore in Frameworks */,
			);
			runOnlyForDeploymentPostprocessing = 0;
		};
		9DB749B22FE800000053C3F3 /* Frameworks */ = {
			isa = PBXFrameworksBuildPhase;
			buildActionMask = 2147483647;
			files = (
				D4A176062FF1000000000006 /* HoldTypeDomain in Frameworks */,
				D4A179082FF4000000000008 /* HoldTypeOpenAI in Frameworks */,
				D4A178052FF3000000000005 /* HoldTypePersistence in Frameworks */,
				D4A180052FF5000000000005 /* HoldTypeIOSCore in Frameworks */,
			);
			runOnlyForDeploymentPostprocessing = 0;
		};
		D4A175052FF0000000000005 /* Frameworks */ = {
			isa = PBXFrameworksBuildPhase;
			buildActionMask = 2147483647;
			files = (
			);
			runOnlyForDeploymentPostprocessing = 0;
		};
/* End PBXFrameworksBuildPhase section */

/* Begin PBXGroup section */
		9DB749602FE6D7300053C3F3 = {
			isa = PBXGroup;
			children = (
				D4A174012FEF174000000001 /* Config/HoldTypeSigning.xcconfig */,
				9DB7496B2FE6D7300053C3F3 /* HoldType */,
				9DB749AA2FE7B0000053C3F3 /* Shared */,
				9DB749A22FE7A0000053C3F3 /* HoldTypeIOS */,
				D4A175032FF0000000000003 /* HoldTypeKeyboard */,
				D4A175042FF0000000000004 /* KeyboardShared */,
				9DB749B12FE800000053C3F3 /* HoldTypeIOSTests */,
				D4A177012FF2000000000001 /* HoldTypeDomainTests */,
				D4A179012FF4000000000001 /* HoldTypeOpenAITests */,
				D4A178012FF3000000000001 /* HoldTypePersistenceTests */,
				D4A180012FF5000000000001 /* HoldTypeIOSCoreTests */,
				9DB749792FE6D7320053C3F3 /* HoldTypeTests */,
				9DB749832FE6D7320053C3F3 /* HoldTypeUITests */,
				9DB7496A2FE6D7300053C3F3 /* Products */,
			);
			sourceTree = "<group>";
		};
		9DB7496A2FE6D7300053C3F3 /* Products */ = {
			isa = PBXGroup;
			children = (
				9DB749692FE6D7300053C3F3 /* HoldType.app */,
				9DB749A12FE7A0000053C3F3 /* HoldType-iOS.app */,
				D4A175012FF0000000000001 /* HoldTypeKeyboard.appex */,
				9DB749B02FE800000053C3F3 /* HoldTypeIOSTests.xctest */,
				9DB749762FE6D7320053C3F3 /* HoldTypeTests.xctest */,
				9DB749802FE6D7320053C3F3 /* HoldTypeUITests.xctest */,
			);
			name = Products;
			sourceTree = "<group>";
		};
/* End PBXGroup section */

/* Begin PBXNativeTarget section */
		9DB749682FE6D7300053C3F3 /* HoldType */ = {
			isa = PBXNativeTarget;
			buildConfigurationList = 9DB7498A2FE6D7320053C3F3 /* Build configuration list for PBXNativeTarget "HoldType" */;
			buildPhases = (
				9DB749652FE6D7300053C3F3 /* Sources */,
				9DB749662FE6D7300053C3F3 /* Frameworks */,
				9DB749672FE6D7300053C3F3 /* Resources */,
			);
			buildRules = (
			);
			dependencies = (
			);
			fileSystemSynchronizedGroups = (
				9DB7496B2FE6D7300053C3F3 /* HoldType */,
				9DB749AA2FE7B0000053C3F3 /* Shared */,
			);
			name = HoldType;
			packageProductDependencies = (
				D4A176012FF1000000000001 /* HoldTypeDomain */,
				D4A179022FF4000000000002 /* HoldTypeOpenAI */,
				D4A1740D2FEF17400000000D /* Sparkle */,
			);
			productName = HoldType;
			productReference = 9DB749692FE6D7300053C3F3 /* HoldType.app */;
			productType = "com.apple.product-type.application";
		};
		9DB749752FE6D7320053C3F3 /* HoldTypeTests */ = {
			isa = PBXNativeTarget;
			buildConfigurationList = 9DB7498D2FE6D7320053C3F3 /* Build configuration list for PBXNativeTarget "HoldTypeTests" */;
			buildPhases = (
				9DB749722FE6D7320053C3F3 /* Sources */,
				9DB749732FE6D7320053C3F3 /* Frameworks */,
				9DB749742FE6D7320053C3F3 /* Resources */,
			);
			buildRules = (
			);
			dependencies = (
				9DB749782FE6D7320053C3F3 /* PBXTargetDependency */,
			);
			fileSystemSynchronizedGroups = (
				9DB749792FE6D7320053C3F3 /* HoldTypeTests */,
			);
			name = HoldTypeTests;
			packageProductDependencies = (
				D4A176082FF1000000000008 /* HoldTypeDomain */,
				D4A179052FF4000000000005 /* HoldTypeOpenAI */,
			);
			productName = HoldTypeTests;
			productReference = 9DB749762FE6D7320053C3F3 /* HoldTypeTests.xctest */;
			productType = "com.apple.product-type.bundle.unit-test";
		};
		9DB7497F2FE6D7320053C3F3 /* HoldTypeUITests */ = {
			isa = PBXNativeTarget;
			buildConfigurationList = 9DB749902FE6D7320053C3F3 /* Build configuration list for PBXNativeTarget "HoldTypeUITests" */;
			buildPhases = (
				9DB7497C2FE6D7320053C3F3 /* Sources */,
				9DB7497D2FE6D7320053C3F3 /* Frameworks */,
				9DB7497E2FE6D7320053C3F3 /* Resources */,
			);
			buildRules = (
			);
			dependencies = (
				9DB749822FE6D7320053C3F3 /* PBXTargetDependency */,
			);
			fileSystemSynchronizedGroups = (
				9DB749832FE6D7320053C3F3 /* HoldTypeUITests */,
			);
			name = HoldTypeUITests;
			packageProductDependencies = (
			);
			productName = HoldTypeUITests;
			productReference = 9DB749802FE6D7320053C3F3 /* HoldTypeUITests.xctest */;
			productType = "com.apple.product-type.bundle.ui-testing";
		};
		9DB749A62FE7A0000053C3F3 /* HoldType-iOS */ = {
			isa = PBXNativeTarget;
			buildConfigurationList = 9DB749A92FE7A0000053C3F3 /* Build configuration list for PBXNativeTarget "HoldType-iOS" */;
			buildPhases = (
				9DB749A52FE7A0000053C3F3 /* Sources */,
				9DB749A32FE7A0000053C3F3 /* Frameworks */,
				9DB749A42FE7A0000053C3F3 /* Resources */,
				D4A175082FF0000000000008 /* Embed App Extensions */,
			);
			buildRules = (
			);
			dependencies = (
				D4A1750C2FF000000000000C /* PBXTargetDependency */,
			);
			fileSystemSynchronizedGroups = (
				9DB749A22FE7A0000053C3F3 /* HoldTypeIOS */,
				9DB749AA2FE7B0000053C3F3 /* Shared */,
				D4A175042FF0000000000004 /* KeyboardShared */,
			);
			name = "HoldType-iOS";
			packageProductDependencies = (
				D4A176022FF1000000000002 /* HoldTypeDomain */,
				D4A179032FF4000000000003 /* HoldTypeOpenAI */,
				D4A178022FF3000000000002 /* HoldTypePersistence */,
				D4A180022FF5000000000002 /* HoldTypeIOSCore */,
			);
			productName = "HoldType-iOS";
			productReference = 9DB749A12FE7A0000053C3F3 /* HoldType-iOS.app */;
			productType = "com.apple.product-type.application";
		};
		9DB749B52FE800000053C3F3 /* HoldTypeIOSTests */ = {
			isa = PBXNativeTarget;
			buildConfigurationList = 9DB749B62FE800000053C3F3 /* Build configuration list for PBXNativeTarget "HoldTypeIOSTests" */;
			buildPhases = (
				9DB749B42FE800000053C3F3 /* Sources */,
				9DB749B22FE800000053C3F3 /* Frameworks */,
				9DB749B32FE800000053C3F3 /* Resources */,
			);
			buildRules = (
			);
			dependencies = (
				D4A181022FF6000000000002 /* PBXTargetDependency */,
			);
			fileSystemSynchronizedGroups = (
				9DB749AA2FE7B0000053C3F3 /* Shared */,
				D4A175042FF0000000000004 /* KeyboardShared */,
				9DB749B12FE800000053C3F3 /* HoldTypeIOSTests */,
				D4A177012FF2000000000001 /* HoldTypeDomainTests */,
				D4A179012FF4000000000001 /* HoldTypeOpenAITests */,
				D4A178012FF3000000000001 /* HoldTypePersistenceTests */,
				D4A180012FF5000000000001 /* HoldTypeIOSCoreTests */,
			);
			name = HoldTypeIOSTests;
			packageProductDependencies = (
				D4A176032FF1000000000003 /* HoldTypeDomain */,
				D4A179042FF4000000000004 /* HoldTypeOpenAI */,
				D4A178032FF3000000000003 /* HoldTypePersistence */,
				D4A180032FF5000000000003 /* HoldTypeIOSCore */,
			);
			productName = HoldTypeIOSTests;
			productReference = 9DB749B02FE800000053C3F3 /* HoldTypeIOSTests.xctest */;
			productType = "com.apple.product-type.bundle.unit-test";
		};
		D4A1750A2FF000000000000A /* HoldTypeKeyboard */ = {
			isa = PBXNativeTarget;
			buildConfigurationList = D4A1750F2FF000000000000F /* Build configuration list for PBXNativeTarget "HoldTypeKeyboard" */;
			buildPhases = (
				D4A175062FF0000000000006 /* Sources */,
				D4A175052FF0000000000005 /* Frameworks */,
				D4A175072FF0000000000007 /* Resources */,
			);
			buildRules = (
			);
			dependencies = (
			);
			fileSystemSynchronizedGroups = (
				D4A175032FF0000000000003 /* HoldTypeKeyboard */,
				D4A175042FF0000000000004 /* KeyboardShared */,
			);
			name = HoldTypeKeyboard;
			packageProductDependencies = (
			);
			productName = HoldTypeKeyboard;
			productReference = D4A175012FF0000000000001 /* HoldTypeKeyboard.appex */;
			productType = "com.apple.product-type.app-extension";
		};
/* End PBXNativeTarget section */

/* Begin PBXProject section */
		9DB749612FE6D7300053C3F3 /* Project object */ = {
			isa = PBXProject;
			attributes = {
				BuildIndependentTargetsInParallel = 1;
				LastSwiftUpdateCheck = 2650;
				LastUpgradeCheck = 2650;
				TargetAttributes = {
					9DB749682FE6D7300053C3F3 = {
						CreatedOnToolsVersion = 26.5;
					};
					9DB749752FE6D7320053C3F3 = {
						CreatedOnToolsVersion = 26.5;
						TestTargetID = 9DB749682FE6D7300053C3F3;
					};
					9DB7497F2FE6D7320053C3F3 = {
						CreatedOnToolsVersion = 26.5;
						TestTargetID = 9DB749682FE6D7300053C3F3;
					};
					9DB749A62FE7A0000053C3F3 = {
						CreatedOnToolsVersion = 26.5;
					};
					9DB749B52FE800000053C3F3 = {
						CreatedOnToolsVersion = 26.5;
					};
					D4A1750A2FF000000000000A = {
						CreatedOnToolsVersion = 26.5;
					};
					D4A174052FEF174000000005 = {
						CreatedOnToolsVersion = 26.6;
					};
				};
			};
			buildConfigurationList = 9DB749642FE6D7300053C3F3 /* Build configuration list for PBXProject "HoldType" */;
			developmentRegion = en;
			hasScannedForEncodings = 0;
			knownRegions = (
				en,
				Base,
			);
			mainGroup = 9DB749602FE6D7300053C3F3;
			minimizedProjectReferenceProxies = 1;
			packageReferences = (
				D4A176002FF1000000000000 /* XCLocalSwiftPackageReference "HoldTypeDomain" */,
				D4A179002FF4000000000000 /* XCLocalSwiftPackageReference "HoldTypeOpenAI" */,
				D4A178002FF3000000000000 /* XCLocalSwiftPackageReference "HoldTypePersistence" */,
				D4A180002FF5000000000000 /* XCLocalSwiftPackageReference "HoldTypeIOSCore" */,
				D4A1740C2FEF17400000000C /* XCRemoteSwiftPackageReference "Sparkle" */,
			);
			preferredProjectObjectVersion = 77;
			productRefGroup = 9DB7496A2FE6D7300053C3F3 /* Products */;
			projectDirPath = "";
			projectRoot = "";
			targets = (
				9DB749682FE6D7300053C3F3 /* HoldType */,
				D4A174052FEF174000000005 /* Stabilize HoldType TCC Identity */,
				9DB749A62FE7A0000053C3F3 /* HoldType-iOS */,
				D4A1750A2FF000000000000A /* HoldTypeKeyboard */,
				9DB749B52FE800000053C3F3 /* HoldTypeIOSTests */,
				9DB749752FE6D7320053C3F3 /* HoldTypeTests */,
				9DB7497F2FE6D7320053C3F3 /* HoldTypeUITests */,
			);
		};
/* End PBXProject section */

/* Begin PBXResourcesBuildPhase section */
		9DB749672FE6D7300053C3F3 /* Resources */ = {
			isa = PBXResourcesBuildPhase;
			buildActionMask = 2147483647;
			files = (
			);
			runOnlyForDeploymentPostprocessing = 0;
		};
		9DB749742FE6D7320053C3F3 /* Resources */ = {
			isa = PBXResourcesBuildPhase;
			buildActionMask = 2147483647;
			files = (
			);
			runOnlyForDeploymentPostprocessing = 0;
		};
		9DB7497E2FE6D7320053C3F3 /* Resources */ = {
			isa = PBXResourcesBuildPhase;
			buildActionMask = 2147483647;
			files = (
			);
			runOnlyForDeploymentPostprocessing = 0;
		};
		9DB749A42FE7A0000053C3F3 /* Resources */ = {
			isa = PBXResourcesBuildPhase;
			buildActionMask = 2147483647;
			files = (
			);
			runOnlyForDeploymentPostprocessing = 0;
		};
		9DB749B32FE800000053C3F3 /* Resources */ = {
			isa = PBXResourcesBuildPhase;
			buildActionMask = 2147483647;
			files = (
			);
			runOnlyForDeploymentPostprocessing = 0;
		};
		D4A175072FF0000000000007 /* Resources */ = {
			isa = PBXResourcesBuildPhase;
			buildActionMask = 2147483647;
			files = (
			);
			runOnlyForDeploymentPostprocessing = 0;
		};
/* End PBXResourcesBuildPhase section */

/* Begin PBXShellScriptBuildPhase section */
		D4A174042FEF174000000004 /* Stabilize Ad-Hoc TCC Identity */ = {
			isa = PBXShellScriptBuildPhase;
			alwaysOutOfDate = 1;
			buildActionMask = 2147483647;
			files = (
			);
			inputFileListPaths = (
			);
			inputPaths = (
				"${SRCROOT}/script/stabilize_adhoc_tcc_identity.sh",
				"${SRCROOT}/Config/HoldTypeAdHocDesignatedRequirement.txt",
				"${BUILT_PRODUCTS_DIR}/HoldType.app",
			);
			name = "Stabilize Ad-Hoc TCC Identity";
			outputFileListPaths = (
			);
			outputPaths = (
			);
			runOnlyForDeploymentPostprocessing = 0;
			shellPath = /bin/sh;
			shellScript = "\"${SRCROOT}/script/stabilize_adhoc_tcc_identity.sh\" \"${BUILT_PRODUCTS_DIR}/HoldType.app\" \"app.holdtype.HoldType\"\n";
			showEnvVarsInLog = 0;
		};
/* End PBXShellScriptBuildPhase section */

/* Begin PBXSourcesBuildPhase section */
		9DB749652FE6D7300053C3F3 /* Sources */ = {
			isa = PBXSourcesBuildPhase;
			buildActionMask = 2147483647;
			files = (
			);
			runOnlyForDeploymentPostprocessing = 0;
		};
		9DB749722FE6D7320053C3F3 /* Sources */ = {
			isa = PBXSourcesBuildPhase;
			buildActionMask = 2147483647;
			files = (
			);
			runOnlyForDeploymentPostprocessing = 0;
		};
		9DB7497C2FE6D7320053C3F3 /* Sources */ = {
			isa = PBXSourcesBuildPhase;
			buildActionMask = 2147483647;
			files = (
			);
			runOnlyForDeploymentPostprocessing = 0;
		};
		9DB749A52FE7A0000053C3F3 /* Sources */ = {
			isa = PBXSourcesBuildPhase;
			buildActionMask = 2147483647;
			files = (
			);
			runOnlyForDeploymentPostprocessing = 0;
		};
		9DB749B42FE800000053C3F3 /* Sources */ = {
			isa = PBXSourcesBuildPhase;
			buildActionMask = 2147483647;
			files = (
			);
			runOnlyForDeploymentPostprocessing = 0;
		};
		D4A175062FF0000000000006 /* Sources */ = {
			isa = PBXSourcesBuildPhase;
			buildActionMask = 2147483647;
			files = (
			);
			runOnlyForDeploymentPostprocessing = 0;
		};
/* End PBXSourcesBuildPhase section */

/* Begin PBXTargetDependency section */
		9DB749782FE6D7320053C3F3 /* PBXTargetDependency */ = {
			isa = PBXTargetDependency;
			target = 9DB749682FE6D7300053C3F3 /* HoldType */;
			targetProxy = 9DB749772FE6D7320053C3F3 /* PBXContainerItemProxy */;
		};
		9DB749822FE6D7320053C3F3 /* PBXTargetDependency */ = {
			isa = PBXTargetDependency;
			target = 9DB749682FE6D7300053C3F3 /* HoldType */;
			targetProxy = 9DB749812FE6D7320053C3F3 /* PBXContainerItemProxy */;
		};
		D4A174032FEF174000000003 /* PBXTargetDependency */ = {
			isa = PBXTargetDependency;
			target = 9DB749682FE6D7300053C3F3 /* HoldType */;
			targetProxy = D4A174022FEF174000000002 /* PBXContainerItemProxy */;
		};
		D4A1750C2FF000000000000C /* PBXTargetDependency */ = {
			isa = PBXTargetDependency;
			target = D4A1750A2FF000000000000A /* HoldTypeKeyboard */;
			targetProxy = D4A1750B2FF000000000000B /* PBXContainerItemProxy */;
		};
		D4A181022FF6000000000002 /* PBXTargetDependency */ = {
			isa = PBXTargetDependency;
			target = 9DB749A62FE7A0000053C3F3 /* HoldType-iOS */;
			targetProxy = D4A181012FF6000000000001 /* PBXContainerItemProxy */;
		};
/* End PBXTargetDependency section */

/* Begin XCLocalSwiftPackageReference section */
		D4A176002FF1000000000000 /* XCLocalSwiftPackageReference "HoldTypeDomain" */ = {
			isa = XCLocalSwiftPackageReference;
			relativePath = Packages/HoldTypeDomain;
		};
		D4A178002FF3000000000000 /* XCLocalSwiftPackageReference "HoldTypePersistence" */ = {
			isa = XCLocalSwiftPackageReference;
			relativePath = Packages/HoldTypePersistence;
		};
		D4A179002FF4000000000000 /* XCLocalSwiftPackageReference "HoldTypeOpenAI" */ = {
			isa = XCLocalSwiftPackageReference;
			relativePath = Packages/HoldTypeOpenAI;
		};
		D4A180002FF5000000000000 /* XCLocalSwiftPackageReference "HoldTypeIOSCore" */ = {
			isa = XCLocalSwiftPackageReference;
			relativePath = Packages/HoldTypeIOSCore;
		};
/* End XCLocalSwiftPackageReference section */

/* Begin XCRemoteSwiftPackageReference section */
		D4A1740C2FEF17400000000C /* XCRemoteSwiftPackageReference "Sparkle" */ = {
			isa = XCRemoteSwiftPackageReference;
			repositoryURL = "https://github.com/sparkle-project/Sparkle";
			requirement = {
				kind = upToNextMajorVersion;
				minimumVersion = 2.9.4;
			};
		};
/* End XCRemoteSwiftPackageReference section */

/* Begin XCSwiftPackageProductDependency section */
		D4A1740D2FEF17400000000D /* Sparkle */ = {
			isa = XCSwiftPackageProductDependency;
			package = D4A1740C2FEF17400000000C /* XCRemoteSwiftPackageReference "Sparkle" */;
			productName = Sparkle;
		};
		D4A176012FF1000000000001 /* HoldTypeDomain */ = {
			isa = XCSwiftPackageProductDependency;
			package = D4A176002FF1000000000000 /* XCLocalSwiftPackageReference "HoldTypeDomain" */;
			productName = HoldTypeDomain;
		};
		D4A176022FF1000000000002 /* HoldTypeDomain */ = {
			isa = XCSwiftPackageProductDependency;
			package = D4A176002FF1000000000000 /* XCLocalSwiftPackageReference "HoldTypeDomain" */;
			productName = HoldTypeDomain;
		};
		D4A176032FF1000000000003 /* HoldTypeDomain */ = {
			isa = XCSwiftPackageProductDependency;
			package = D4A176002FF1000000000000 /* XCLocalSwiftPackageReference "HoldTypeDomain" */;
			productName = HoldTypeDomain;
		};
		D4A176082FF1000000000008 /* HoldTypeDomain */ = {
			isa = XCSwiftPackageProductDependency;
			package = D4A176002FF1000000000000 /* XCLocalSwiftPackageReference "HoldTypeDomain" */;
			productName = HoldTypeDomain;
		};
		D4A178022FF3000000000002 /* HoldTypePersistence */ = {
			isa = XCSwiftPackageProductDependency;
			package = D4A178002FF3000000000000 /* XCLocalSwiftPackageReference "HoldTypePersistence" */;
			productName = HoldTypePersistence;
		};
		D4A178032FF3000000000003 /* HoldTypePersistence */ = {
			isa = XCSwiftPackageProductDependency;
			package = D4A178002FF3000000000000 /* XCLocalSwiftPackageReference "HoldTypePersistence" */;
			productName = HoldTypePersistence;
		};
		D4A179022FF4000000000002 /* HoldTypeOpenAI */ = {
			isa = XCSwiftPackageProductDependency;
			package = D4A179002FF4000000000000 /* XCLocalSwiftPackageReference "HoldTypeOpenAI" */;
			productName = HoldTypeOpenAI;
		};
		D4A179032FF4000000000003 /* HoldTypeOpenAI */ = {
			isa = XCSwiftPackageProductDependency;
			package = D4A179002FF4000000000000 /* XCLocalSwiftPackageReference "HoldTypeOpenAI" */;
			productName = HoldTypeOpenAI;
		};
		D4A179042FF4000000000004 /* HoldTypeOpenAI */ = {
			isa = XCSwiftPackageProductDependency;
			package = D4A179002FF4000000000000 /* XCLocalSwiftPackageReference "HoldTypeOpenAI" */;
			productName = HoldTypeOpenAI;
		};
		D4A179052FF4000000000005 /* HoldTypeOpenAI */ = {
			isa = XCSwiftPackageProductDependency;
			package = D4A179002FF4000000000000 /* XCLocalSwiftPackageReference "HoldTypeOpenAI" */;
			productName = HoldTypeOpenAI;
		};
		D4A180022FF5000000000002 /* HoldTypeIOSCore */ = {
			isa = XCSwiftPackageProductDependency;
			package = D4A180002FF5000000000000 /* XCLocalSwiftPackageReference "HoldTypeIOSCore" */;
			productName = HoldTypeIOSCore;
		};
		D4A180032FF5000000000003 /* HoldTypeIOSCore */ = {
			isa = XCSwiftPackageProductDependency;
			package = D4A180002FF5000000000000 /* XCLocalSwiftPackageReference "HoldTypeIOSCore" */;
			productName = HoldTypeIOSCore;
		};
/* End XCSwiftPackageProductDependency section */

/* Begin XCBuildConfiguration section */
		9DB749882FE6D7320053C3F3 /* Debug */ = {
			isa = XCBuildConfiguration;
			buildSettings = {
				ALWAYS_SEARCH_USER_PATHS = NO;
				ASSETCATALOG_COMPILER_GENERATE_SWIFT_ASSET_SYMBOL_EXTENSIONS = YES;
				CLANG_ANALYZER_NONNULL = YES;
				CLANG_ANALYZER_NUMBER_OBJECT_CONVERSION = YES_AGGRESSIVE;
				CLANG_CXX_LANGUAGE_STANDARD = "gnu++20";
				CLANG_ENABLE_MODULES = YES;
				CLANG_ENABLE_OBJC_ARC = YES;
				CLANG_ENABLE_OBJC_WEAK = YES;
				CLANG_WARN_BLOCK_CAPTURE_AUTORELEASING = YES;
				CLANG_WARN_BOOL_CONVERSION = YES;
				CLANG_WARN_COMMA = YES;
				CLANG_WARN_CONSTANT_CONVERSION = YES;
				CLANG_WARN_DEPRECATED_OBJC_IMPLEMENTATIONS = YES;
				CLANG_WARN_DIRECT_OBJC_ISA_USAGE = YES_ERROR;
				CLANG_WARN_DOCUMENTATION_COMMENTS = YES;
				CLANG_WARN_EMPTY_BODY = YES;
				CLANG_WARN_ENUM_CONVERSION = YES;
				CLANG_WARN_INFINITE_RECURSION = YES;
				CLANG_WARN_INT_CONVERSION = YES;
				CLANG_WARN_NON_LITERAL_NULL_CONVERSION = YES;
				CLANG_WARN_OBJC_IMPLICIT_RETAIN_SELF = YES;
				CLANG_WARN_OBJC_LITERAL_CONVERSION = YES;
				CLANG_WARN_OBJC_ROOT_CLASS = YES_ERROR;
				CLANG_WARN_QUOTED_INCLUDE_IN_FRAMEWORK_HEADER = YES;
				CLANG_WARN_RANGE_LOOP_ANALYSIS = YES;
				CLANG_WARN_STRICT_PROTOTYPES = YES;
				CLANG_WARN_SUSPICIOUS_MOVE = YES;
				CLANG_WARN_UNGUARDED_AVAILABILITY = YES_AGGRESSIVE;
				CLANG_WARN_UNREACHABLE_CODE = YES;
				CLANG_WARN__DUPLICATE_METHOD_MATCH = YES;
				COPY_PHASE_STRIP = NO;
				DEBUG_INFORMATION_FORMAT = dwarf;
				ENABLE_STRICT_OBJC_MSGSEND = YES;
				ENABLE_TESTABILITY = YES;
				ENABLE_USER_SCRIPT_SANDBOXING = YES;
				GCC_C_LANGUAGE_STANDARD = gnu17;
				GCC_DYNAMIC_NO_PIC = NO;
				GCC_NO_COMMON_BLOCKS = YES;
				GCC_OPTIMIZATION_LEVEL = 0;
				GCC_PREPROCESSOR_DEFINITIONS = (
					"DEBUG=1",
					"$(inherited)",
				);
				GCC_WARN_64_TO_32_BIT_CONVERSION = YES;
				GCC_WARN_ABOUT_RETURN_TYPE = YES_ERROR;
				GCC_WARN_UNDECLARED_SELECTOR = YES;
				GCC_WARN_UNINITIALIZED_AUTOS = YES_AGGRESSIVE;
				GCC_WARN_UNUSED_FUNCTION = YES;
				GCC_WARN_UNUSED_VARIABLE = YES;
				LOCALIZATION_PREFERS_STRING_CATALOGS = YES;
				MACOSX_DEPLOYMENT_TARGET = 14.0;
				MTL_ENABLE_DEBUG_INFO = INCLUDE_SOURCE;
				MTL_FAST_MATH = YES;
				ONLY_ACTIVE_ARCH = YES;
				SDKROOT = macosx;
				SWIFT_ACTIVE_COMPILATION_CONDITIONS = "DEBUG $(inherited)";
				SWIFT_OPTIMIZATION_LEVEL = "-Onone";
			};
			name = Debug;
		};
		9DB749892FE6D7320053C3F3 /* Release */ = {
			isa = XCBuildConfiguration;
			buildSettings = {
				ALWAYS_SEARCH_USER_PATHS = NO;
				ASSETCATALOG_COMPILER_GENERATE_SWIFT_ASSET_SYMBOL_EXTENSIONS = YES;
				CLANG_ANALYZER_NONNULL = YES;
				CLANG_ANALYZER_NUMBER_OBJECT_CONVERSION = YES_AGGRESSIVE;
				CLANG_CXX_LANGUAGE_STANDARD = "gnu++20";
				CLANG_ENABLE_MODULES = YES;
				CLANG_ENABLE_OBJC_ARC = YES;
				CLANG_ENABLE_OBJC_WEAK = YES;
				CLANG_WARN_BLOCK_CAPTURE_AUTORELEASING = YES;
				CLANG_WARN_BOOL_CONVERSION = YES;
				CLANG_WARN_COMMA = YES;
				CLANG_WARN_CONSTANT_CONVERSION = YES;
				CLANG_WARN_DEPRECATED_OBJC_IMPLEMENTATIONS = YES;
				CLANG_WARN_DIRECT_OBJC_ISA_USAGE = YES_ERROR;
				CLANG_WARN_DOCUMENTATION_COMMENTS = YES;
				CLANG_WARN_EMPTY_BODY = YES;
				CLANG_WARN_ENUM_CONVERSION = YES;
				CLANG_WARN_INFINITE_RECURSION = YES;
				CLANG_WARN_INT_CONVERSION = YES;
				CLANG_WARN_NON_LITERAL_NULL_CONVERSION = YES;
				CLANG_WARN_OBJC_IMPLICIT_RETAIN_SELF = YES;
				CLANG_WARN_OBJC_LITERAL_CONVERSION = YES;
				CLANG_WARN_OBJC_ROOT_CLASS = YES_ERROR;
				CLANG_WARN_QUOTED_INCLUDE_IN_FRAMEWORK_HEADER = YES;
				CLANG_WARN_RANGE_LOOP_ANALYSIS = YES;
				CLANG_WARN_STRICT_PROTOTYPES = YES;
				CLANG_WARN_SUSPICIOUS_MOVE = YES;
				CLANG_WARN_UNGUARDED_AVAILABILITY = YES_AGGRESSIVE;
				CLANG_WARN_UNREACHABLE_CODE = YES;
				CLANG_WARN__DUPLICATE_METHOD_MATCH = YES;
				COPY_PHASE_STRIP = NO;
				DEBUG_INFORMATION_FORMAT = "dwarf-with-dsym";
				ENABLE_NS_ASSERTIONS = NO;
				ENABLE_STRICT_OBJC_MSGSEND = YES;
				ENABLE_USER_SCRIPT_SANDBOXING = YES;
				GCC_C_LANGUAGE_STANDARD = gnu17;
				GCC_NO_COMMON_BLOCKS = YES;
				GCC_WARN_64_TO_32_BIT_CONVERSION = YES;
				GCC_WARN_ABOUT_RETURN_TYPE = YES_ERROR;
				GCC_WARN_UNDECLARED_SELECTOR = YES;
				GCC_WARN_UNINITIALIZED_AUTOS = YES_AGGRESSIVE;
				GCC_WARN_UNUSED_FUNCTION = YES;
				GCC_WARN_UNUSED_VARIABLE = YES;
				LOCALIZATION_PREFERS_STRING_CATALOGS = YES;
				MACOSX_DEPLOYMENT_TARGET = 14.0;
				MTL_ENABLE_DEBUG_INFO = NO;
				MTL_FAST_MATH = YES;
				SDKROOT = macosx;
				SWIFT_COMPILATION_MODE = wholemodule;
			};
			name = Release;
		};
		9DB7498B2FE6D7320053C3F3 /* Debug */ = {
			isa = XCBuildConfiguration;
			baseConfigurationReference = D4A174012FEF174000000001 /* Config/HoldTypeSigning.xcconfig */;
			buildSettings = {
				ASSETCATALOG_COMPILER_APPICON_NAME = AppIcon;
				ASSETCATALOG_COMPILER_GLOBAL_ACCENT_COLOR_NAME = AccentColor;
				CODE_SIGN_ENTITLEMENTS = HoldType/HoldType.entitlements;
				CODE_SIGN_IDENTITY = "$(HOLDTYPE_CODE_SIGN_IDENTITY)";
				CODE_SIGN_STYLE = "$(HOLDTYPE_CODE_SIGN_STYLE)";
				COMBINE_HIDPI_IMAGES = YES;
				CURRENT_PROJECT_VERSION = 1;
				DEVELOPMENT_TEAM = "$(HOLDTYPE_DEVELOPMENT_TEAM)";
				ENABLE_APP_SANDBOX = NO;
				ENABLE_HARDENED_RUNTIME = YES;
				ENABLE_PREVIEWS = YES;
				GENERATE_INFOPLIST_FILE = NO;
				INFOPLIST_FILE = HoldType/Info.plist;
				LD_RUNPATH_SEARCH_PATHS = (
					"$(inherited)",
					"@executable_path/../Frameworks",
				);
				MARKETING_VERSION = 1.0;
				PRODUCT_BUNDLE_IDENTIFIER = app.holdtype.HoldType;
				PRODUCT_NAME = "$(TARGET_NAME)";
				REGISTER_APP_GROUPS = YES;
				STRING_CATALOG_GENERATE_SYMBOLS = YES;
				SWIFT_APPROACHABLE_CONCURRENCY = YES;
				SWIFT_DEFAULT_ACTOR_ISOLATION = MainActor;
				SWIFT_EMIT_LOC_STRINGS = YES;
				SWIFT_UPCOMING_FEATURE_MEMBER_IMPORT_VISIBILITY = YES;
				SWIFT_VERSION = 5.0;
			};
			name = Debug;
		};
		9DB7498C2FE6D7320053C3F3 /* Release */ = {
			isa = XCBuildConfiguration;
			baseConfigurationReference = D4A174012FEF174000000001 /* Config/HoldTypeSigning.xcconfig */;
			buildSettings = {
				ASSETCATALOG_COMPILER_APPICON_NAME = AppIcon;
				ASSETCATALOG_COMPILER_GLOBAL_ACCENT_COLOR_NAME = AccentColor;
				CODE_SIGN_ENTITLEMENTS = HoldType/HoldType.entitlements;
				CODE_SIGN_IDENTITY = "$(HOLDTYPE_CODE_SIGN_IDENTITY)";
				CODE_SIGN_STYLE = "$(HOLDTYPE_CODE_SIGN_STYLE)";
				COMBINE_HIDPI_IMAGES = YES;
				CURRENT_PROJECT_VERSION = 1;
				DEVELOPMENT_TEAM = "$(HOLDTYPE_DEVELOPMENT_TEAM)";
				ENABLE_APP_SANDBOX = NO;
				ENABLE_HARDENED_RUNTIME = YES;
				ENABLE_PREVIEWS = YES;
				GENERATE_INFOPLIST_FILE = NO;
				INFOPLIST_FILE = HoldType/Info.plist;
				LD_RUNPATH_SEARCH_PATHS = (
					"$(inherited)",
					"@executable_path/../Frameworks",
				);
				MARKETING_VERSION = 1.0;
				PRODUCT_BUNDLE_IDENTIFIER = app.holdtype.HoldType;
				PRODUCT_NAME = "$(TARGET_NAME)";
				REGISTER_APP_GROUPS = YES;
				STRING_CATALOG_GENERATE_SYMBOLS = YES;
				SWIFT_APPROACHABLE_CONCURRENCY = YES;
				SWIFT_DEFAULT_ACTOR_ISOLATION = MainActor;
				SWIFT_EMIT_LOC_STRINGS = YES;
				SWIFT_UPCOMING_FEATURE_MEMBER_IMPORT_VISIBILITY = YES;
				SWIFT_VERSION = 5.0;
			};
			name = Release;
		};
		9DB7498E2FE6D7320053C3F3 /* Debug */ = {
			isa = XCBuildConfiguration;
			buildSettings = {
				BUNDLE_LOADER = "$(TEST_HOST)";
				CODE_SIGN_STYLE = Automatic;
				CURRENT_PROJECT_VERSION = 1;
				GENERATE_INFOPLIST_FILE = YES;
				MACOSX_DEPLOYMENT_TARGET = 14.0;
				MARKETING_VERSION = 1.0;
				PRODUCT_BUNDLE_IDENTIFIER = app.holdtype.HoldTypeTests;
				PRODUCT_NAME = "$(TARGET_NAME)";
				STRING_CATALOG_GENERATE_SYMBOLS = NO;
				SWIFT_APPROACHABLE_CONCURRENCY = YES;
				SWIFT_EMIT_LOC_STRINGS = NO;
				SWIFT_UPCOMING_FEATURE_MEMBER_IMPORT_VISIBILITY = YES;
				SWIFT_VERSION = 5.0;
				TEST_HOST = "$(BUILT_PRODUCTS_DIR)/HoldType.app/$(BUNDLE_EXECUTABLE_FOLDER_PATH)/HoldType";
			};
			name = Debug;
		};
		9DB7498F2FE6D7320053C3F3 /* Release */ = {
			isa = XCBuildConfiguration;
			buildSettings = {
				BUNDLE_LOADER = "$(TEST_HOST)";
				CODE_SIGN_STYLE = Automatic;
				CURRENT_PROJECT_VERSION = 1;
				GENERATE_INFOPLIST_FILE = YES;
				MACOSX_DEPLOYMENT_TARGET = 14.0;
				MARKETING_VERSION = 1.0;
				PRODUCT_BUNDLE_IDENTIFIER = app.holdtype.HoldTypeTests;
				PRODUCT_NAME = "$(TARGET_NAME)";
				STRING_CATALOG_GENERATE_SYMBOLS = NO;
				SWIFT_APPROACHABLE_CONCURRENCY = YES;
				SWIFT_EMIT_LOC_STRINGS = NO;
				SWIFT_UPCOMING_FEATURE_MEMBER_IMPORT_VISIBILITY = YES;
				SWIFT_VERSION = 5.0;
				TEST_HOST = "$(BUILT_PRODUCTS_DIR)/HoldType.app/$(BUNDLE_EXECUTABLE_FOLDER_PATH)/HoldType";
			};
			name = Release;
		};
		9DB749912FE6D7320053C3F3 /* Debug */ = {
			isa = XCBuildConfiguration;
			buildSettings = {
				CODE_SIGN_STYLE = Automatic;
				CURRENT_PROJECT_VERSION = 1;
				GENERATE_INFOPLIST_FILE = YES;
				MARKETING_VERSION = 1.0;
				PRODUCT_BUNDLE_IDENTIFIER = app.holdtype.HoldTypeUITests;
				PRODUCT_NAME = "$(TARGET_NAME)";
				STRING_CATALOG_GENERATE_SYMBOLS = NO;
				SWIFT_APPROACHABLE_CONCURRENCY = YES;
				SWIFT_EMIT_LOC_STRINGS = NO;
				SWIFT_UPCOMING_FEATURE_MEMBER_IMPORT_VISIBILITY = YES;
				SWIFT_VERSION = 5.0;
				TEST_TARGET_NAME = HoldType;
			};
			name = Debug;
		};
		9DB749922FE6D7320053C3F3 /* Release */ = {
			isa = XCBuildConfiguration;
			buildSettings = {
				CODE_SIGN_STYLE = Automatic;
				CURRENT_PROJECT_VERSION = 1;
				GENERATE_INFOPLIST_FILE = YES;
				MARKETING_VERSION = 1.0;
				PRODUCT_BUNDLE_IDENTIFIER = app.holdtype.HoldTypeUITests;
				PRODUCT_NAME = "$(TARGET_NAME)";
				STRING_CATALOG_GENERATE_SYMBOLS = NO;
				SWIFT_APPROACHABLE_CONCURRENCY = YES;
				SWIFT_EMIT_LOC_STRINGS = NO;
				SWIFT_UPCOMING_FEATURE_MEMBER_IMPORT_VISIBILITY = YES;
				SWIFT_VERSION = 5.0;
				TEST_TARGET_NAME = HoldType;
			};
			name = Release;
		};
		9DB749A72FE7A0000053C3F3 /* Debug */ = {
			isa = XCBuildConfiguration;
			buildSettings = {
				ASSETCATALOG_COMPILER_GLOBAL_ACCENT_COLOR_NAME = AccentColor;
				CODE_SIGN_ENTITLEMENTS = HoldTypeIOS/HoldTypeIOS.entitlements;
				CODE_SIGN_STYLE = Automatic;
				CURRENT_PROJECT_VERSION = 1;
				ENABLE_PREVIEWS = YES;
				GENERATE_INFOPLIST_FILE = YES;
				INFOPLIST_FILE = HoldTypeIOS/Info.plist;
				INFOPLIST_KEY_CFBundleDisplayName = HoldType;
				INFOPLIST_KEY_NSHumanReadableCopyright = "";
				INFOPLIST_KEY_UIApplicationSceneManifest_Generation = YES;
				INFOPLIST_KEY_UIApplicationSupportsIndirectInputEvents = YES;
				INFOPLIST_KEY_UILaunchScreen_Generation = YES;
				IPHONEOS_DEPLOYMENT_TARGET = 17.0;
				LD_RUNPATH_SEARCH_PATHS = (
					"$(inherited)",
					"@executable_path/Frameworks",
				);
				MARKETING_VERSION = 1.0;
				PRODUCT_BUNDLE_IDENTIFIER = app.holdtype.HoldType.ios;
				PRODUCT_MODULE_NAME = HoldTypeIOS;
				PRODUCT_NAME = "$(TARGET_NAME)";
				SDKROOT = iphoneos;
				STRING_CATALOG_GENERATE_SYMBOLS = YES;
				SUPPORTED_PLATFORMS = "iphoneos iphonesimulator";
				SUPPORTS_MACCATALYST = NO;
				SWIFT_APPROACHABLE_CONCURRENCY = YES;
				SWIFT_DEFAULT_ACTOR_ISOLATION = MainActor;
				SWIFT_EMIT_LOC_STRINGS = YES;
				SWIFT_UPCOMING_FEATURE_MEMBER_IMPORT_VISIBILITY = YES;
				SWIFT_VERSION = 5.0;
				TARGETED_DEVICE_FAMILY = "1,2";
			};
			name = Debug;
		};
		9DB749A82FE7A0000053C3F3 /* Release */ = {
			isa = XCBuildConfiguration;
			buildSettings = {
				ASSETCATALOG_COMPILER_GLOBAL_ACCENT_COLOR_NAME = AccentColor;
				CODE_SIGN_ENTITLEMENTS = HoldTypeIOS/HoldTypeIOS.entitlements;
				CODE_SIGN_STYLE = Automatic;
				CURRENT_PROJECT_VERSION = 1;
				ENABLE_PREVIEWS = YES;
				GENERATE_INFOPLIST_FILE = YES;
				INFOPLIST_FILE = HoldTypeIOS/Info.plist;
				INFOPLIST_KEY_CFBundleDisplayName = HoldType;
				INFOPLIST_KEY_NSHumanReadableCopyright = "";
				INFOPLIST_KEY_UIApplicationSceneManifest_Generation = YES;
				INFOPLIST_KEY_UIApplicationSupportsIndirectInputEvents = YES;
				INFOPLIST_KEY_UILaunchScreen_Generation = YES;
				IPHONEOS_DEPLOYMENT_TARGET = 17.0;
				LD_RUNPATH_SEARCH_PATHS = (
					"$(inherited)",
					"@executable_path/Frameworks",
				);
				MARKETING_VERSION = 1.0;
				PRODUCT_BUNDLE_IDENTIFIER = app.holdtype.HoldType.ios;
				PRODUCT_MODULE_NAME = HoldTypeIOS;
				PRODUCT_NAME = "$(TARGET_NAME)";
				SDKROOT = iphoneos;
				STRING_CATALOG_GENERATE_SYMBOLS = YES;
				SUPPORTED_PLATFORMS = "iphoneos iphonesimulator";
				SUPPORTS_MACCATALYST = NO;
				SWIFT_APPROACHABLE_CONCURRENCY = YES;
				SWIFT_DEFAULT_ACTOR_ISOLATION = MainActor;
				SWIFT_EMIT_LOC_STRINGS = YES;
				SWIFT_UPCOMING_FEATURE_MEMBER_IMPORT_VISIBILITY = YES;
				SWIFT_VERSION = 5.0;
				TARGETED_DEVICE_FAMILY = "1,2";
			};
			name = Release;
		};
		9DB749B72FE800000053C3F3 /* Debug */ = {
			isa = XCBuildConfiguration;
			buildSettings = {
				BUNDLE_LOADER = "$(TEST_HOST)";
				CODE_SIGN_STYLE = Automatic;
				CURRENT_PROJECT_VERSION = 1;
				GENERATE_INFOPLIST_FILE = YES;
				IPHONEOS_DEPLOYMENT_TARGET = 17.0;
				MARKETING_VERSION = 1.0;
				PRODUCT_BUNDLE_IDENTIFIER = app.holdtype.HoldType.iosTests;
				PRODUCT_NAME = "$(TARGET_NAME)";
				SDKROOT = iphoneos;
				STRING_CATALOG_GENERATE_SYMBOLS = NO;
				SUPPORTED_PLATFORMS = "iphoneos iphonesimulator";
				SUPPORTS_MACCATALYST = NO;
				SWIFT_APPROACHABLE_CONCURRENCY = YES;
				SWIFT_DEFAULT_ACTOR_ISOLATION = MainActor;
				SWIFT_EMIT_LOC_STRINGS = NO;
				SWIFT_UPCOMING_FEATURE_MEMBER_IMPORT_VISIBILITY = YES;
				SWIFT_VERSION = 5.0;
				TARGETED_DEVICE_FAMILY = "1,2";
				TEST_HOST = "$(BUILT_PRODUCTS_DIR)/HoldType-iOS.app/$(BUNDLE_EXECUTABLE_FOLDER_PATH)/HoldType-iOS";
			};
			name = Debug;
		};
		9DB749B82FE800000053C3F3 /* Release */ = {
			isa = XCBuildConfiguration;
			buildSettings = {
				BUNDLE_LOADER = "$(TEST_HOST)";
				CODE_SIGN_STYLE = Automatic;
				CURRENT_PROJECT_VERSION = 1;
				GENERATE_INFOPLIST_FILE = YES;
				IPHONEOS_DEPLOYMENT_TARGET = 17.0;
				MARKETING_VERSION = 1.0;
				PRODUCT_BUNDLE_IDENTIFIER = app.holdtype.HoldType.iosTests;
				PRODUCT_NAME = "$(TARGET_NAME)";
				SDKROOT = iphoneos;
				STRING_CATALOG_GENERATE_SYMBOLS = NO;
				SUPPORTED_PLATFORMS = "iphoneos iphonesimulator";
				SUPPORTS_MACCATALYST = NO;
				SWIFT_APPROACHABLE_CONCURRENCY = YES;
				SWIFT_DEFAULT_ACTOR_ISOLATION = MainActor;
				SWIFT_EMIT_LOC_STRINGS = NO;
				SWIFT_UPCOMING_FEATURE_MEMBER_IMPORT_VISIBILITY = YES;
				SWIFT_VERSION = 5.0;
				TARGETED_DEVICE_FAMILY = "1,2";
				TEST_HOST = "$(BUILT_PRODUCTS_DIR)/HoldType-iOS.app/$(BUNDLE_EXECUTABLE_FOLDER_PATH)/HoldType-iOS";
			};
			name = Release;
		};
		D4A1750D2FF000000000000D /* Debug */ = {
			isa = XCBuildConfiguration;
			buildSettings = {
				APPLICATION_EXTENSION_API_ONLY = YES;
				CODE_SIGN_ENTITLEMENTS = HoldTypeKeyboard/HoldTypeKeyboard.entitlements;
				CODE_SIGN_STYLE = Automatic;
				CURRENT_PROJECT_VERSION = 1;
				GENERATE_INFOPLIST_FILE = NO;
				INFOPLIST_FILE = HoldTypeKeyboard/Info.plist;
				IPHONEOS_DEPLOYMENT_TARGET = 17.0;
				LD_RUNPATH_SEARCH_PATHS = (
					"$(inherited)",
					"@executable_path/Frameworks",
					"@executable_path/../../Frameworks",
				);
				MARKETING_VERSION = 1.0;
				PRODUCT_BUNDLE_IDENTIFIER = app.holdtype.HoldType.ios.keyboard;
				PRODUCT_MODULE_NAME = HoldTypeKeyboard;
				PRODUCT_NAME = "$(TARGET_NAME)";
				REGISTER_APP_GROUPS = YES;
				SDKROOT = iphoneos;
				SKIP_INSTALL = YES;
				STRING_CATALOG_GENERATE_SYMBOLS = NO;
				SUPPORTED_PLATFORMS = "iphoneos iphonesimulator";
				SUPPORTS_MACCATALYST = NO;
				SWIFT_APPROACHABLE_CONCURRENCY = YES;
				SWIFT_DEFAULT_ACTOR_ISOLATION = MainActor;
				SWIFT_EMIT_LOC_STRINGS = NO;
				SWIFT_UPCOMING_FEATURE_MEMBER_IMPORT_VISIBILITY = YES;
				SWIFT_VERSION = 5.0;
				TARGETED_DEVICE_FAMILY = "1,2";
			};
			name = Debug;
		};
		D4A1750E2FF000000000000E /* Release */ = {
			isa = XCBuildConfiguration;
			buildSettings = {
				APPLICATION_EXTENSION_API_ONLY = YES;
				CODE_SIGN_ENTITLEMENTS = HoldTypeKeyboard/HoldTypeKeyboard.entitlements;
				CODE_SIGN_STYLE = Automatic;
				CURRENT_PROJECT_VERSION = 1;
				GENERATE_INFOPLIST_FILE = NO;
				INFOPLIST_FILE = HoldTypeKeyboard/Info.plist;
				IPHONEOS_DEPLOYMENT_TARGET = 17.0;
				LD_RUNPATH_SEARCH_PATHS = (
					"$(inherited)",
					"@executable_path/Frameworks",
					"@executable_path/../../Frameworks",
				);
				MARKETING_VERSION = 1.0;
				PRODUCT_BUNDLE_IDENTIFIER = app.holdtype.HoldType.ios.keyboard;
				PRODUCT_MODULE_NAME = HoldTypeKeyboard;
				PRODUCT_NAME = "$(TARGET_NAME)";
				REGISTER_APP_GROUPS = YES;
				SDKROOT = iphoneos;
				SKIP_INSTALL = YES;
				STRING_CATALOG_GENERATE_SYMBOLS = NO;
				SUPPORTED_PLATFORMS = "iphoneos iphonesimulator";
				SUPPORTS_MACCATALYST = NO;
				SWIFT_APPROACHABLE_CONCURRENCY = YES;
				SWIFT_DEFAULT_ACTOR_ISOLATION = MainActor;
				SWIFT_EMIT_LOC_STRINGS = NO;
				SWIFT_UPCOMING_FEATURE_MEMBER_IMPORT_VISIBILITY = YES;
				SWIFT_VERSION = 5.0;
				TARGETED_DEVICE_FAMILY = "1,2";
			};
			name = Release;
		};
		D4A174062FEF174000000006 /* Debug */ = {
			isa = XCBuildConfiguration;
			buildSettings = {
				ENABLE_USER_SCRIPT_SANDBOXING = NO;
			};
			name = Debug;
		};
		D4A174072FEF174000000007 /* Release */ = {
			isa = XCBuildConfiguration;
			buildSettings = {
				ENABLE_USER_SCRIPT_SANDBOXING = NO;
			};
			name = Release;
		};
/* End XCBuildConfiguration section */

/* Begin XCConfigurationList section */
		9DB749642FE6D7300053C3F3 /* Build configuration list for PBXProject "HoldType" */ = {
			isa = XCConfigurationList;
			buildConfigurations = (
				9DB749882FE6D7320053C3F3 /* Debug */,
				9DB749892FE6D7320053C3F3 /* Release */,
			);
			defaultConfigurationIsVisible = 0;
			defaultConfigurationName = Release;
		};
		9DB7498A2FE6D7320053C3F3 /* Build configuration list for PBXNativeTarget "HoldType" */ = {
			isa = XCConfigurationList;
			buildConfigurations = (
				9DB7498B2FE6D7320053C3F3 /* Debug */,
				9DB7498C2FE6D7320053C3F3 /* Release */,
			);
			defaultConfigurationIsVisible = 0;
			defaultConfigurationName = Release;
		};
		9DB7498D2FE6D7320053C3F3 /* Build configuration list for PBXNativeTarget "HoldTypeTests" */ = {
			isa = XCConfigurationList;
			buildConfigurations = (
				9DB7498E2FE6D7320053C3F3 /* Debug */,
				9DB7498F2FE6D7320053C3F3 /* Release */,
			);
			defaultConfigurationIsVisible = 0;
			defaultConfigurationName = Release;
		};
		9DB749902FE6D7320053C3F3 /* Build configuration list for PBXNativeTarget "HoldTypeUITests" */ = {
			isa = XCConfigurationList;
			buildConfigurations = (
				9DB749912FE6D7320053C3F3 /* Debug */,
				9DB749922FE6D7320053C3F3 /* Release */,
			);
			defaultConfigurationIsVisible = 0;
			defaultConfigurationName = Release;
		};
		9DB749A92FE7A0000053C3F3 /* Build configuration list for PBXNativeTarget "HoldType-iOS" */ = {
			isa = XCConfigurationList;
			buildConfigurations = (
				9DB749A72FE7A0000053C3F3 /* Debug */,
				9DB749A82FE7A0000053C3F3 /* Release */,
			);
			defaultConfigurationIsVisible = 0;
			defaultConfigurationName = Release;
		};
		9DB749B62FE800000053C3F3 /* Build configuration list for PBXNativeTarget "HoldTypeIOSTests" */ = {
			isa = XCConfigurationList;
			buildConfigurations = (
				9DB749B72FE800000053C3F3 /* Debug */,
				9DB749B82FE800000053C3F3 /* Release */,
			);
			defaultConfigurationIsVisible = 0;
			defaultConfigurationName = Release;
		};
		D4A1750F2FF000000000000F /* Build configuration list for PBXNativeTarget "HoldTypeKeyboard" */ = {
			isa = XCConfigurationList;
			buildConfigurations = (
				D4A1750D2FF000000000000D /* Debug */,
				D4A1750E2FF000000000000E /* Release */,
			);
			defaultConfigurationIsVisible = 0;
			defaultConfigurationName = Release;
		};
		D4A174082FEF174000000008 /* Build configuration list for PBXAggregateTarget "Stabilize HoldType TCC Identity" */ = {
			isa = XCConfigurationList;
			buildConfigurations = (
				D4A174062FEF174000000006 /* Debug */,
				D4A174072FEF174000000007 /* Release */,
			);
			defaultConfigurationIsVisible = 0;
			defaultConfigurationName = Release;
		};
/* End XCConfigurationList section */

	};
	rootObject = 9DB749612FE6D7300053C3F3 /* Project object */;
}
